
Microsoft Visual Studio Solution File, Format Version 12.00
# Visual Studio Version 16
VisualStudioVersion = 16.0.30804.86
MinimumVisualStudioVersion = 10.0.40219.1
Project("{FAE04EC0-301F-11D3-BF4B-00C04F79EFBC}") = "Q1", "Q1\Q1.csproj", "{5CF316BD-F980-48B5-B430-16BF696947C2}"
EndProject
Project("{FAE04EC0-301F-11D3-BF4B-00C04F79EFBC}") = "Q2", "Q2\Q2.csproj", "{95B069F3-DA14-4320-99DE-398BF38B87D3}"
EndProject
Global
	GlobalSection(SolutionConfigurationPlatforms) = preSolution
		Debug|Any CPU = Debug|Any CPU
		Release|Any CPU = Release|Any CPU
	EndGlobalSection
	GlobalSection(ProjectConfigurationPlatforms) = postSolution
		{5CF316BD-F980-48B5-B430-16BF696947C2}.Debug|Any CPU.ActiveCfg = Debug|Any CPU
		{5CF316BD-F980-48B5-B430-16BF696947C2}.Debug|Any CPU.Build.0 = Debug|Any CPU
		{5CF316BD-F980-48B5-B430-16BF696947C2}.Release|Any CPU.ActiveCfg = Release|Any CPU
		{5CF316BD-F980-48B5-B430-16BF696947C2}.Release|Any CPU.Build.0 = Release|Any CPU
		{95B069F3-DA14-4320-99DE-398BF38B87D3}.Debug|Any CPU.ActiveCfg = Debug|Any CPU
		{95B069F3-DA14-4320-99DE-398BF38B87D3}.Debug|Any CPU.Build.0 = Debug|Any CPU
		{95B069F3-DA14-4320-99DE-398BF38B87D3}.Release|Any CPU.ActiveCfg = Release|Any CPU
		{95B069F3-DA14-4320-99DE-398BF38B87D3}.Release|Any CPU.Build.0 = Release|Any CPU
	EndGlobalSection
	GlobalSection(SolutionProperties) = preSolution
		HideSolutionNode = FALSE
	EndGlobalSection
	GlobalSection(ExtensibilityGlobals) = postSolution
		SolutionGuid = {6933D180-F14E-4FBE-A642-D07FC733A700}
	EndGlobalSection
EndGlobal
